
Microsoft Visual Studio Solution File, Format Version 12.00
# Visual Studio Version 17
VisualStudioVersion = 17.2.32616.157
MinimumVisualStudioVersion = 10.0.40219.1
Project("{FAE04EC0-301F-11D3-BF4B-00C04F79EFBC}") = "backend", "backend.csproj", "{A7E95F96-C045-4BE5-B3C1-8D401BD01F6D}"
EndProject
Global
	GlobalSection(SolutionConfigurationPlatforms) = preSolution
		Debug|Any CPU = Debug|Any CPU
		Release|Any CPU = Release|Any CPU
	EndGlobalSection
	GlobalSection(ProjectConfigurationPlatforms) = postSolution
		{A7E95F96-C045-4BE5-B3C1-8D401BD01F6D}.Debug|Any CPU.ActiveCfg = Debug|Any CPU
		{A7E95F96-C045-4BE5-B3C1-8D401BD01F6D}.Debug|Any CPU.Build.0 = Debug|Any CPU
		{A7E95F96-C045-4BE5-B3C1-8D401BD01F6D}.Release|Any CPU.ActiveCfg = Release|Any CPU
		{A7E95F96-C045-4BE5-B3C1-8D401BD01F6D}.Release|Any CPU.Build.0 = Release|Any CPU
	EndGlobalSection
	GlobalSection(SolutionProperties) = preSolution
		HideSolutionNode = FALSE
	EndGlobalSection
	GlobalSection(ExtensibilityGlobals) = postSolution
		SolutionGuid = {5DAFF12E-4A8E-4907-B4EF-46DE115478D7}
	EndGlobalSection
EndGlobal
